
Microsoft Visual Studio Solution File, Format Version 12.00
# Visual Studio Version 17
VisualStudioVersion = 17.9.34616.47
MinimumVisualStudioVersion = 10.0.40219.1
Project("{FAE04EC0-301F-11D3-BF4B-00C04F79EFBC}") = "fitnessOtomasyonu", "fitnessOtomasyonu\fitnessOtomasyonu.csproj", "{64BEC764-7A21-4677-8173-1990B92F1FB3}"
EndProject
Global
	GlobalSection(SolutionConfigurationPlatforms) = preSolution
		Debug|Any CPU = Debug|Any CPU
		Release|Any CPU = Release|Any CPU
	EndGlobalSection
	GlobalSection(ProjectConfigurationPlatforms) = postSolution
		{64BEC764-7A21-4677-8173-1990B92F1FB3}.Debug|Any CPU.ActiveCfg = Debug|Any CPU
		{64BEC764-7A21-4677-8173-1990B92F1FB3}.Debug|Any CPU.Build.0 = Debug|Any CPU
		{64BEC764-7A21-4677-8173-1990B92F1FB3}.Release|Any CPU.ActiveCfg = Release|Any CPU
		{64BEC764-7A21-4677-8173-1990B92F1FB3}.Release|Any CPU.Build.0 = Release|Any CPU
	EndGlobalSection
	GlobalSection(SolutionProperties) = preSolution
		HideSolutionNode = FALSE
	EndGlobalSection
	GlobalSection(ExtensibilityGlobals) = postSolution
		SolutionGuid = {209A83CE-3C79-49AB-A03D-1FF70F62F0D5}
	EndGlobalSection
EndGlobal
